# This file was autogenerated by Stack.
# You should not edit this file by hand.
# For more information, please see the documentation at:
#   https://docs.haskellstack.org/en/stable/lock_files

packages: []
snapshots:
- completed:
    sha256: 350737ef1c4c748f4c7ff56b6e74f2f6d15039a2f148662a8ec1aded016b80d0
    size: 640033
    url: https://raw.githubusercontent.com/commercialhaskell/stackage-snapshots/master/lts/21/15.yaml
  original: lts-21.15
