# This file was autogenerated by Stack.
# You should not edit this file by hand.
# For more information, please see the documentation at:
#   https://docs.haskellstack.org/en/stable/lock_files

packages:
- completed:
    hackage: language-bash-0.8.0@sha256:2a7b0498c029f0e7c30d3b273897e32036a629ff9ffa5c92ec2f3a51f46af86f,1620
    pantry-tree:
      size: 1006
      sha256: c39ea8b393d342ce492400f97c98a5af1edac5a345d34af84c3f9ca643553418
  original:
    hackage: language-bash-0.8.0
- completed:
    hackage: paths-0.2.0.0@sha256:b550399f0d1181a00221931255c48d72d6eaa8301056afcc9f96288c71aab664,2629
    pantry-tree:
      size: 732
      sha256: 775674b5c4b1431aa855b1966abbd59d64da87e8f05fb9bb0d782baca10a470d
  original:
    hackage: paths-0.2.0.0
snapshots:
- completed:
    size: 488576
    url: https://raw.githubusercontent.com/commercialhaskell/stackage-snapshots/master/lts/15/0.yaml
    sha256: e4b6a87b47ec1cf63a7f1a0884a3b276fce2b0d174a10e8753c4f618e7983568
  original: lts-15.0
