# This file was autogenerated by Stack.
# You should not edit this file by hand.
# For more information, please see the documentation at:
#   https://docs.haskellstack.org/en/stable/lock_files

packages:
- completed:
    hackage: language-bash-0.9.0@sha256:2e715a32e4ad93467fb8ba063b5cf0d5c2a1dfffe5d2cd7c25edfb5949871ba3,1671
    pantry-tree:
      size: 1007
      sha256: 2ce9873423de0aa54f098f3f46daa7519697bd2e79cb63c6aedc054b0293061b
  original:
    hackage: language-bash-0.9.0
- completed:
    hackage: paths-0.2.0.0@sha256:b550399f0d1181a00221931255c48d72d6eaa8301056afcc9f96288c71aab664,2629
    pantry-tree:
      size: 732
      sha256: 775674b5c4b1431aa855b1966abbd59d64da87e8f05fb9bb0d782baca10a470d
  original:
    hackage: paths-0.2.0.0
snapshots:
- completed:
    size: 492015
    url: https://raw.githubusercontent.com/commercialhaskell/stackage-snapshots/master/lts/15/8.yaml
    sha256: 926bc3d70249dd0ba05277ff00943c0addb35b627cb641752669e7cf771310d0
  original: lts-15.8
