# This file was autogenerated by Stack.
# You should not edit this file by hand.
# For more information, please see the documentation at:
#   https://docs.haskellstack.org/en/stable/lock_files

packages:
- completed:
    hackage: language-bash-0.9.0@sha256:2e715a32e4ad93467fb8ba063b5cf0d5c2a1dfffe5d2cd7c25edfb5949871ba3,1671
    pantry-tree:
      size: 1007
      sha256: 2ce9873423de0aa54f098f3f46daa7519697bd2e79cb63c6aedc054b0293061b
  original:
    hackage: language-bash-0.9.0
snapshots:
- completed:
    size: 492027
    url: https://raw.githubusercontent.com/commercialhaskell/stackage-snapshots/master/lts/15/9.yaml
    sha256: 11394dc975e96c2fea90f7f2b3229630d46351a092ebcec78f0a56403930b429
  original: lts-15.9
