("quicklisp" .
 (:class qlot/source/dist:source-dist
  :initargs (:distribution "https://beta.quicklisp.org/dist/quicklisp.txt" :%version :latest)
  :version "2023-10-21"))
("ultralisp" .
 (:class qlot/source/dist:source-dist
  :initargs (:distribution "https://dist.ultralisp.org/" :%version :latest)
  :version "20240625185501"))
